
Microsoft Visual Studio Solution File, Format Version 12.00
# Visual Studio Version 17
VisualStudioVersion = 17.0.31903.59
MinimumVisualStudioVersion = 10.0.40219.1
Project("{9A19103F-16F7-4668-BE54-9A1E7A4F7556}") = "TopLevelManagement", "TopLevelManagement\TopLevelManagement.csproj", "{6807FF4E-072D-4AE3-81BC-67D75FE791DC}"
EndProject
Project("{9A19103F-16F7-4668-BE54-9A1E7A4F7556}") = "EmployeeManagement", "EmployeeManagement\EmployeeManagement.csproj", "{770530BB-1B03-4C7E-9F75-98BC89E2CC78}"
EndProject
Global
	GlobalSection(SolutionConfigurationPlatforms) = preSolution
		Debug|Any CPU = Debug|Any CPU
		Release|Any CPU = Release|Any CPU
	EndGlobalSection
	GlobalSection(ProjectConfigurationPlatforms) = postSolution
		{6807FF4E-072D-4AE3-81BC-67D75FE791DC}.Debug|Any CPU.ActiveCfg = Debug|Any CPU
		{6807FF4E-072D-4AE3-81BC-67D75FE791DC}.Debug|Any CPU.Build.0 = Debug|Any CPU
		{6807FF4E-072D-4AE3-81BC-67D75FE791DC}.Release|Any CPU.ActiveCfg = Release|Any CPU
		{6807FF4E-072D-4AE3-81BC-67D75FE791DC}.Release|Any CPU.Build.0 = Release|Any CPU
		{770530BB-1B03-4C7E-9F75-98BC89E2CC78}.Debug|Any CPU.ActiveCfg = Debug|Any CPU
		{770530BB-1B03-4C7E-9F75-98BC89E2CC78}.Debug|Any CPU.Build.0 = Debug|Any CPU
		{770530BB-1B03-4C7E-9F75-98BC89E2CC78}.Release|Any CPU.ActiveCfg = Release|Any CPU
		{770530BB-1B03-4C7E-9F75-98BC89E2CC78}.Release|Any CPU.Build.0 = Release|Any CPU
	EndGlobalSection
	GlobalSection(SolutionProperties) = preSolution
		HideSolutionNode = FALSE
	EndGlobalSection
	GlobalSection(ExtensibilityGlobals) = postSolution
		SolutionGuid = {4771D570-E205-4450-92AC-5F5F9D2C9729}
	EndGlobalSection
EndGlobal
